
Microsoft Visual Studio Solution File, Format Version 12.00
# Visual Studio Version 17
VisualStudioVersion = 17.10.35122.118
MinimumVisualStudioVersion = 10.0.40219.1
Project("{FAE04EC0-301F-11D3-BF4B-00C04F79EFBC}") = "polimorfismo_encapsulacion", "polimorfismo_encapsulacion.csproj", "{86F2B8D3-A29A-46C9-ADA8-86BE57A2089D}"
EndProject
Global
	GlobalSection(SolutionConfigurationPlatforms) = preSolution
		Debug|Any CPU = Debug|Any CPU
		Release|Any CPU = Release|Any CPU
	EndGlobalSection
	GlobalSection(ProjectConfigurationPlatforms) = postSolution
		{86F2B8D3-A29A-46C9-ADA8-86BE57A2089D}.Debug|Any CPU.ActiveCfg = Debug|Any CPU
		{86F2B8D3-A29A-46C9-ADA8-86BE57A2089D}.Debug|Any CPU.Build.0 = Debug|Any CPU
		{86F2B8D3-A29A-46C9-ADA8-86BE57A2089D}.Release|Any CPU.ActiveCfg = Release|Any CPU
		{86F2B8D3-A29A-46C9-ADA8-86BE57A2089D}.Release|Any CPU.Build.0 = Release|Any CPU
	EndGlobalSection
	GlobalSection(SolutionProperties) = preSolution
		HideSolutionNode = FALSE
	EndGlobalSection
	GlobalSection(ExtensibilityGlobals) = postSolution
		SolutionGuid = {ED46C903-DB63-411E-B4AF-77CEA8704EE2}
	EndGlobalSection
EndGlobal
