
Microsoft Visual Studio Solution File, Format Version 12.00
# Visual Studio Version 17
VisualStudioVersion = 17.10.35122.118
MinimumVisualStudioVersion = 10.0.40219.1
Project("{FAE04EC0-301F-11D3-BF4B-00C04F79EFBC}") = "Interfaces_clases", "Interfaces_clases.csproj", "{B58425AB-914A-4B03-A443-7E6C0BFE0594}"
EndProject
Project("{FAE04EC0-301F-11D3-BF4B-00C04F79EFBC}") = "Abstraccion_herencia", "..\Abstraccion_herencia\Abstraccion_herencia.csproj", "{9DDF6BA9-BC3A-44EC-9C55-EFA0E2196512}"
EndProject
Global
	GlobalSection(SolutionConfigurationPlatforms) = preSolution
		Debug|Any CPU = Debug|Any CPU
		Release|Any CPU = Release|Any CPU
	EndGlobalSection
	GlobalSection(ProjectConfigurationPlatforms) = postSolution
		{B58425AB-914A-4B03-A443-7E6C0BFE0594}.Debug|Any CPU.ActiveCfg = Debug|Any CPU
		{B58425AB-914A-4B03-A443-7E6C0BFE0594}.Debug|Any CPU.Build.0 = Debug|Any CPU
		{B58425AB-914A-4B03-A443-7E6C0BFE0594}.Release|Any CPU.ActiveCfg = Release|Any CPU
		{B58425AB-914A-4B03-A443-7E6C0BFE0594}.Release|Any CPU.Build.0 = Release|Any CPU
		{9DDF6BA9-BC3A-44EC-9C55-EFA0E2196512}.Debug|Any CPU.ActiveCfg = Debug|Any CPU
		{9DDF6BA9-BC3A-44EC-9C55-EFA0E2196512}.Debug|Any CPU.Build.0 = Debug|Any CPU
		{9DDF6BA9-BC3A-44EC-9C55-EFA0E2196512}.Release|Any CPU.ActiveCfg = Release|Any CPU
		{9DDF6BA9-BC3A-44EC-9C55-EFA0E2196512}.Release|Any CPU.Build.0 = Release|Any CPU
	EndGlobalSection
	GlobalSection(SolutionProperties) = preSolution
		HideSolutionNode = FALSE
	EndGlobalSection
	GlobalSection(ExtensibilityGlobals) = postSolution
		SolutionGuid = {B4740042-C089-43C8-B0E0-FC1A7C24E6E6}
	EndGlobalSection
EndGlobal
